
Microsoft Visual Studio Solution File, Format Version 12.00
# Visual Studio Version 17
VisualStudioVersion = 17.5.33414.496
MinimumVisualStudioVersion = 10.0.40219.1
Project("{8BC9CEB8-8B4A-11D0-8D11-00A0C91BC942}") = "cppl5. Задача 1. Возведение в квадрат", "cppl5. Задача 1. Возведение в квадрат.vcxproj", "{AACB0C16-381D-4F0F-BB01-1117A045CC6A}"
EndProject
Global
	GlobalSection(SolutionConfigurationPlatforms) = preSolution
		Debug|x64 = Debug|x64
		Debug|x86 = Debug|x86
		Release|x64 = Release|x64
		Release|x86 = Release|x86
	EndGlobalSection
	GlobalSection(ProjectConfigurationPlatforms) = postSolution
		{AACB0C16-381D-4F0F-BB01-1117A045CC6A}.Debug|x64.ActiveCfg = Debug|x64
		{AACB0C16-381D-4F0F-BB01-1117A045CC6A}.Debug|x64.Build.0 = Debug|x64
		{AACB0C16-381D-4F0F-BB01-1117A045CC6A}.Debug|x86.ActiveCfg = Debug|Win32
		{AACB0C16-381D-4F0F-BB01-1117A045CC6A}.Debug|x86.Build.0 = Debug|Win32
		{AACB0C16-381D-4F0F-BB01-1117A045CC6A}.Release|x64.ActiveCfg = Release|x64
		{AACB0C16-381D-4F0F-BB01-1117A045CC6A}.Release|x64.Build.0 = Release|x64
		{AACB0C16-381D-4F0F-BB01-1117A045CC6A}.Release|x86.ActiveCfg = Release|Win32
		{AACB0C16-381D-4F0F-BB01-1117A045CC6A}.Release|x86.Build.0 = Release|Win32
	EndGlobalSection
	GlobalSection(SolutionProperties) = preSolution
		HideSolutionNode = FALSE
	EndGlobalSection
	GlobalSection(ExtensibilityGlobals) = postSolution
		SolutionGuid = {1E2C98B3-27D2-4FD2-9BB9-93FCC8EC92B2}
	EndGlobalSection
EndGlobal
